github.com/brianvoe/gofakeit/v6 v6.15.0 h1:lJPGJZ2/07TRGDazyTzD5b18N3y4tmmJpdhCUw18FlI=
github.com/brianvoe/gofakeit/v6 v6.15.0/go.mod h1:Ow6qC71xtwm79anlwKRlWZW6zVq9D2XHE4QSSMP/rU8=
github.com/bxcodec/faker/v3 v3.8.0 h1:F59Qqnsh0BOtZRC+c4cXoB/VNYDMS3R5mlSpxIap1oU=
github.com/bxcodec/faker/v3 v3.8.0/go.mod h1:gF31YgnMSMKgkvl+fyEo1xuSMbEuieyqfeslGYFjneM=
github.com/jaswdr/faker v1.10.2 h1:GK03wuDqa8V6BE+2VRr3DJ/G4T0iUDCzVoBCj5TM4b8=
github.com/jaswdr/faker v1.10.2/go.mod h1:x7ZlyB1AZqwqKZgyQlnqEG8FDptmHlncA5u2zY/yi6w=
